# This file was autogenerated by Stack.
# You should not edit this file by hand.
# For more information, please see the documentation at:
#   https://docs.haskellstack.org/en/stable/lock_files

packages: []
snapshots:
- completed:
    size: 284944
    url: https://raw.githubusercontent.com/commercialhaskell/stackage-snapshots/master/lts/3/8.yaml
    sha256: 49dab6f2dc4f1f2381b9cb77c26c923105ca205f4a118f4088f04b8377c192ce
  original: lts-3.8
